// !$*UTF8*$!
{
	archiveVersion = 1;
	classes = {
	};
	objectVersion = 46;
	objects = {

/* Begin PBXBuildFile section */
		840ECF6D1C89B41F00BE286C /* main.m in Sources */ = {isa = PBXBuildFile; fileRef = 840ECF6C1C89B41F00BE286C /* main.m */; };
		840ECF701C89B41F00BE286C /* AppDelegate.m in Sources */ = {isa = PBXBuildFile; fileRef = 840ECF6F1C89B41F00BE286C /* AppDelegate.m */; };
		840ECF731C89B41F00BE286C /* ViewController.m in Sources */ = {isa = PBXBuildFile; fileRef = 840ECF721C89B41F00BE286C /* ViewController.m */; };
		840ECF761C89B41F00BE286C /* Main.storyboard in Resources */ = {isa = PBXBuildFile; fileRef = 840ECF741C89B41F00BE286C /* Main.storyboard */; };
		840ECF7B1C89B41F00BE286C /* Assets.xcassets in Resources */ = {isa = PBXBuildFile; fileRef = 840ECF7A1C89B41F00BE286C /* Assets.xcassets */; };
		840ECF7E1C89B41F00BE286C /* LaunchScreen.storyboard in Resources */ = {isa = PBXBuildFile; fileRef = 840ECF7C1C89B41F00BE286C /* LaunchScreen.storyboard */; };
		840ECF871C89B44600BE286C /* UIViewController+AssociatedObjects.m in Sources */ = {isa = PBXBuildFile; fileRef = 840ECF861C89B44600BE286C /* UIViewController+AssociatedObjects.m */; };
		844BC2F51C944DB800EB0D1F /* UIView+Gesture.m in Sources */ = {isa = PBXBuildFile; fileRef = 844BC2F41C944DB800EB0D1F /* UIView+Gesture.m */; };
/* End PBXBuildFile section */

/* Begin PBXFileReference section */
		840ECF681C89B41F00BE286C /* OC-AssociatedObjects.app */ = {isa = PBXFileReference; explicitFileType = wrapper.application; includeInIndex = 0; path = "OC-AssociatedObjects.app"; sourceTree = BUILT_PRODUCTS_DIR; };
		840ECF6C1C89B41F00BE286C /* main.m */ = {isa = PBXFileReference; lastKnownFileType = sourcecode.c.objc; path = main.m; sourceTree = "<group>"; };
		840ECF6E1C89B41F00BE286C /* AppDelegate.h */ = {isa = PBXFileReference; lastKnownFileType = sourcecode.c.h; path = AppDelegate.h; sourceTree = "<group>"; };
		840ECF6F1C89B41F00BE286C /* AppDelegate.m */ = {isa = PBXFileReference; lastKnownFileType = sourcecode.c.objc; path = AppDelegate.m; sourceTree = "<group>"; };
		840ECF711C89B41F00BE286C /* ViewController.h */ = {isa = PBXFileReference; lastKnownFileType = sourcecode.c.h; path = ViewController.h; sourceTree = "<group>"; };
		840ECF721C89B41F00BE286C /* ViewController.m */ = {isa = PBXFileReference; lastKnownFileType = sourcecode.c.objc; path = ViewController.m; sourceTree = "<group>"; };
		840ECF751C89B41F00BE286C /* Base */ = {isa = PBXFileReference; lastKnownFileType = file.storyboard; name = Base; path = Base.lproj/Main.storyboard; sourceTree = "<group>"; };
		840ECF7A1C89B41F00BE286C /* Assets.xcassets */ = {isa = PBXFileReference; lastKnownFileType = folder.assetcatalog; path = Assets.xcassets; sourceTree = "<group>"; };
		840ECF7D1C89B41F00BE286C /* Base */ = {isa = PBXFileReference; lastKnownFileType = file.storyboard; name = Base; path = Base.lproj/LaunchScreen.storyboard; sourceTree = "<group>"; };
		840ECF7F1C89B41F00BE286C /* Info.plist */ = {isa = PBXFileReference; lastKnownFileType = text.plist.xml; path = Info.plist; sourceTree = "<group>"; };
		840ECF851C89B44600BE286C /* UIViewController+AssociatedObjects.h */ = {isa = PBXFileReference; fileEncoding = 4; lastKnownFileType = sourcecode.c.h; path = "UIViewController+AssociatedObjects.h"; sourceTree = "<group>"; };
		840ECF861C89B44600BE286C /* UIViewController+AssociatedObjects.m */ = {isa = PBXFileReference; fileEncoding = 4; lastKnownFileType = sourcecode.c.objc; path = "UIViewController+AssociatedObjects.m"; sourceTree = "<group>"; };
		844BC2F31C944DB800EB0D1F /* UIView+Gesture.h */ = {isa = PBXFileReference; fileEncoding = 4; lastKnownFileType = sourcecode.c.h; path = "UIView+Gesture.h"; sourceTree = "<group>"; };
		844BC2F41C944DB800EB0D1F /* UIView+Gesture.m */ = {isa = PBXFileReference; fileEncoding = 4; lastKnownFileType = sourcecode.c.objc; path = "UIView+Gesture.m"; sourceTree = "<group>"; };
/* End PBXFileReference section */

/* Begin PBXFrameworksBuildPhase section */
		840ECF651C89B41F00BE286C /* Frameworks */ = {
			isa = PBXFrameworksBuildPhase;
			buildActionMask = 2147483647;
			files = (
			);
			runOnlyForDeploymentPostprocessing = 0;
		};
/* End PBXFrameworksBuildPhase section */

/* Begin PBXGroup section */
		840ECF5F1C89B41F00BE286C = {
			isa = PBXGroup;
			children = (
				840ECF6A1C89B41F00BE286C /* OC-AssociatedObjects */,
				840ECF691C89B41F00BE286C /* Products */,
			);
			sourceTree = "<group>";
		};
		840ECF691C89B41F00BE286C /* Products */ = {
			isa = PBXGroup;
			children = (
				840ECF681C89B41F00BE286C /* OC-AssociatedObjects.app */,
			);
			name = Products;
			sourceTree = "<group>";
		};
		840ECF6A1C89B41F00BE286C /* OC-AssociatedObjects */ = {
			isa = PBXGroup;
			children = (
				840ECF6E1C89B41F00BE286C /* AppDelegate.h */,
				840ECF6F1C89B41F00BE286C /* AppDelegate.m */,
				840ECF711C89B41F00BE286C /* ViewController.h */,
				840ECF721C89B41F00BE286C /* ViewController.m */,
				840ECF851C89B44600BE286C /* UIViewController+AssociatedObjects.h */,
				840ECF861C89B44600BE286C /* UIViewController+AssociatedObjects.m */,
				844BC2F31C944DB800EB0D1F /* UIView+Gesture.h */,
				844BC2F41C944DB800EB0D1F /* UIView+Gesture.m */,
				840ECF741C89B41F00BE286C /* Main.storyboard */,
				840ECF7A1C89B41F00BE286C /* Assets.xcassets */,
				840ECF7C1C89B41F00BE286C /* LaunchScreen.storyboard */,
				840ECF7F1C89B41F00BE286C /* Info.plist */,
				840ECF6B1C89B41F00BE286C /* Supporting Files */,
			);
			path = "OC-AssociatedObjects";
			sourceTree = "<group>";
		};
		840ECF6B1C89B41F00BE286C /* Supporting Files */ = {
			isa = PBXGroup;
			children = (
				840ECF6C1C89B41F00BE286C /* main.m */,
			);
			name = "Supporting Files";
			sourceTree = "<group>";
		};
/* End PBXGroup section */

/* Begin PBXNativeTarget section */
		840ECF671C89B41F00BE286C /* OC-AssociatedObjects */ = {
			isa = PBXNativeTarget;
			buildConfigurationList = 840ECF821C89B41F00BE286C /* Build configuration list for PBXNativeTarget "OC-AssociatedObjects" */;
			buildPhases = (
				840ECF641C89B41F00BE286C /* Sources */,
				840ECF651C89B41F00BE286C /* Frameworks */,
				840ECF661C89B41F00BE286C /* Resources */,
			);
			buildRules = (
			);
			dependencies = (
			);
			name = "OC-AssociatedObjects";
			productName = "OC-AssociatedObjects";
			productReference = 840ECF681C89B41F00BE286C /* OC-AssociatedObjects.app */;
			productType = "com.apple.product-type.application";
		};
/* End PBXNativeTarget section */

/* Begin PBXProject section */
		840ECF601C89B41F00BE286C /* Project object */ = {
			isa = PBXProject;
			attributes = {
				LastUpgradeCheck = 0710;
				ORGANIZATIONNAME = ShengQiangLiu;
				TargetAttributes = {
					840ECF671C89B41F00BE286C = {
						CreatedOnToolsVersion = 7.1;
						DevelopmentTeam = 4578F4TGJA;
					};
				};
			};
			buildConfigurationList = 840ECF631C89B41F00BE286C /* Build configuration list for PBXProject "OC-AssociatedObjects" */;
			compatibilityVersion = "Xcode 3.2";
			developmentRegion = English;
			hasScannedForEncodings = 0;
			knownRegions = (
				en,
				Base,
			);
			mainGroup = 840ECF5F1C89B41F00BE286C;
			productRefGroup = 840ECF691C89B41F00BE286C /* Products */;
			projectDirPath = "";
			projectRoot = "";
			targets = (
				840ECF671C89B41F00BE286C /* OC-AssociatedObjects */,
			);
		};
/* End PBXProject section */

/* Begin PBXResourcesBuildPhase section */
		840ECF661C89B41F00BE286C /* Resources */ = {
			isa = PBXResourcesBuildPhase;
			buildActionMask = 2147483647;
			files = (
				840ECF7E1C89B41F00BE286C /* LaunchScreen.storyboard in Resources */,
				840ECF7B1C89B41F00BE286C /* Assets.xcassets in Resources */,
				840ECF761C89B41F00BE286C /* Main.storyboard in Resources */,
			);
			runOnlyForDeploymentPostprocessing = 0;
		};
/* End PBXResourcesBuildPhase section */

/* Begin PBXSourcesBuildPhase section */
		840ECF641C89B41F00BE286C /* Sources */ = {
			isa = PBXSourcesBuildPhase;
			buildActionMask = 2147483647;
			files = (
				840ECF871C89B44600BE286C /* UIViewController+AssociatedObjects.m in Sources */,
				840ECF731C89B41F00BE286C /* ViewController.m in Sources */,
				844BC2F51C944DB800EB0D1F /* UIView+Gesture.m in Sources */,
				840ECF701C89B41F00BE286C /* AppDelegate.m in Sources */,
				840ECF6D1C89B41F00BE286C /* main.m in Sources */,
			);
			runOnlyForDeploymentPostprocessing = 0;
		};
/* End PBXSourcesBuildPhase section */

/* Begin PBXVariantGroup section */
		840ECF741C89B41F00BE286C /* Main.storyboard */ = {
			isa = PBXVariantGroup;
			children = (
				840ECF751C89B41F00BE286C /* Base */,
			);
			name = Main.storyboard;
			sourceTree = "<group>";
		};
		840ECF7C1C89B41F00BE286C /* LaunchScreen.storyboard */ = {
			isa = PBXVariantGroup;
			children = (
				840ECF7D1C89B41F00BE286C /* Base */,
			);
			name = LaunchScreen.storyboard;
			sourceTree = "<group>";
		};
/* End PBXVariantGroup section */

/* Begin XCBuildConfiguration section */
		840ECF801C89B41F00BE286C /* Debug */ = {
			isa = XCBuildConfiguration;
			buildSettings = {
				ALWAYS_SEARCH_USER_PATHS = NO;
				CLANG_CXX_LANGUAGE_STANDARD = "gnu++0x";
				CLANG_CXX_LIBRARY = "libc++";
				CLANG_ENABLE_MODULES = YES;
				CLANG_ENABLE_OBJC_ARC = YES;
				CLANG_WARN_BOOL_CONVERSION = YES;
				CLANG_WARN_CONSTANT_CONVERSION = YES;
				CLANG_WARN_DIRECT_OBJC_ISA_USAGE = YES_ERROR;
				CLANG_WARN_EMPTY_BODY = YES;
				CLANG_WARN_ENUM_CONVERSION = YES;
				CLANG_WARN_INT_CONVERSION = YES;
				CLANG_WARN_OBJC_ROOT_CLASS = YES_ERROR;
				CLANG_WARN_UNREACHABLE_CODE = YES;
				CLANG_WARN__DUPLICATE_METHOD_MATCH = YES;
				"CODE_SIGN_IDENTITY[sdk=iphoneos*]" = "iPhone Developer";
				COPY_PHASE_STRIP = NO;
				DEBUG_INFORMATION_FORMAT = dwarf;
				ENABLE_STRICT_OBJC_MSGSEND = YES;
				ENABLE_TESTABILITY = YES;
				GCC_C_LANGUAGE_STANDARD = gnu99;
				GCC_DYNAMIC_NO_PIC = NO;
				GCC_NO_COMMON_BLOCKS = YES;
				GCC_OPTIMIZATION_LEVEL = 0;
				GCC_PREPROCESSOR_DEFINITIONS = (
					"DEBUG=1",
					"$(inherited)",
				);
				GCC_WARN_64_TO_32_BIT_CONVERSION = YES;
				GCC_WARN_ABOUT_RETURN_TYPE = YES_ERROR;
				GCC_WARN_UNDECLARED_SELECTOR = YES;
				GCC_WARN_UNINITIALIZED_AUTOS = YES_AGGRESSIVE;
				GCC_WARN_UNUSED_FUNCTION = YES;
				GCC_WARN_UNUSED_VARIABLE = YES;
				IPHONEOS_DEPLOYMENT_TARGET = 9.1;
				MTL_ENABLE_DEBUG_INFO = YES;
				ONLY_ACTIVE_ARCH = YES;
				SDKROOT = iphoneos;
			};
			name = Debug;
		};
		840ECF811C89B41F00BE286C /* Release */ = {
			isa = XCBuildConfiguration;
			buildSettings = {
				ALWAYS_SEARCH_USER_PATHS = NO;
				CLANG_CXX_LANGUAGE_STANDARD = "gnu++0x";
				CLANG_CXX_LIBRARY = "libc++";
				CLANG_ENABLE_MODULES = YES;
				CLANG_ENABLE_OBJC_ARC = YES;
				CLANG_WARN_BOOL_CONVERSION = YES;
				CLANG_WARN_CONSTANT_CONVERSION = YES;
				CLANG_WARN_DIRECT_OBJC_ISA_USAGE = YES_ERROR;
				CLANG_WARN_EMPTY_BODY = YES;
				CLANG_WARN_ENUM_CONVERSION = YES;
				CLANG_WARN_INT_CONVERSION = YES;
				CLANG_WARN_OBJC_ROOT_CLASS = YES_ERROR;
				CLANG_WARN_UNREACHABLE_CODE = YES;
				CLANG_WARN__DUPLICATE_METHOD_MATCH = YES;
				"CODE_SIGN_IDENTITY[sdk=iphoneos*]" = "iPhone Developer";
				COPY_PHASE_STRIP = NO;
				DEBUG_INFORMATION_FORMAT = "dwarf-with-dsym";
				ENABLE_NS_ASSERTIONS = NO;
				ENABLE_STRICT_OBJC_MSGSEND = YES;
				GCC_C_LANGUAGE_STANDARD = gnu99;
				GCC_NO_COMMON_BLOCKS = YES;
				GCC_WARN_64_TO_32_BIT_CONVERSION = YES;
				GCC_WARN_ABOUT_RETURN_TYPE = YES_ERROR;
				GCC_WARN_UNDECLARED_SELECTOR = YES;
				GCC_WARN_UNINITIALIZED_AUTOS = YES_AGGRESSIVE;
				GCC_WARN_UNUSED_FUNCTION = YES;
				GCC_WARN_UNUSED_VARIABLE = YES;
				IPHONEOS_DEPLOYMENT_TARGET = 9.1;
				MTL_ENABLE_DEBUG_INFO = NO;
				SDKROOT = iphoneos;
				VALIDATE_PRODUCT = YES;
			};
			name = Release;
		};
		840ECF831C89B41F00BE286C /* Debug */ = {
			isa = XCBuildConfiguration;
			buildSettings = {
				ASSETCATALOG_COMPILER_APPICON_NAME = AppIcon;
				INFOPLIST_FILE = "OC-AssociatedObjects/Info.plist";
				LD_RUNPATH_SEARCH_PATHS = "$(inherited) @executable_path/Frameworks";
				PRODUCT_BUNDLE_IDENTIFIER = "com.shengqiangliu.OC-AssociatedObjects";
				PRODUCT_NAME = "$(TARGET_NAME)";
			};
			name = Debug;
		};
		840ECF841C89B41F00BE286C /* Release */ = {
			isa = XCBuildConfiguration;
			buildSettings = {
				ASSETCATALOG_COMPILER_APPICON_NAME = AppIcon;
				INFOPLIST_FILE = "OC-AssociatedObjects/Info.plist";
				LD_RUNPATH_SEARCH_PATHS = "$(inherited) @executable_path/Frameworks";
				PRODUCT_BUNDLE_IDENTIFIER = "com.shengqiangliu.OC-AssociatedObjects";
				PRODUCT_NAME = "$(TARGET_NAME)";
			};
			name = Release;
		};
/* End XCBuildConfiguration section */

/* Begin XCConfigurationList section */
		840ECF631C89B41F00BE286C /* Build configuration list for PBXProject "OC-AssociatedObjects" */ = {
			isa = XCConfigurationList;
			buildConfigurations = (
				840ECF801C89B41F00BE286C /* Debug */,
				840ECF811C89B41F00BE286C /* Release */,
			);
			defaultConfigurationIsVisible = 0;
			defaultConfigurationName = Release;
		};
		840ECF821C89B41F00BE286C /* Build configuration list for PBXNativeTarget "OC-AssociatedObjects" */ = {
			isa = XCConfigurationList;
			buildConfigurations = (
				840ECF831C89B41F00BE286C /* Debug */,
				840ECF841C89B41F00BE286C /* Release */,
			);
			defaultConfigurationIsVisible = 0;
			defaultConfigurationName = Release;
		};
/* End XCConfigurationList section */
	};
	rootObject = 840ECF601C89B41F00BE286C /* Project object */;
}
