// !$*UTF8*$!
{
	archiveVersion = 1;
	classes = {
	};
	objectVersion = 46;
	objects = {

/* Begin PBXBuildFile section */
		76FE162B1C19D6C70039C258 /* main.m in Sources */ = {isa = PBXBuildFile; fileRef = 76FE162A1C19D6C70039C258 /* main.m */; };
		76FE162E1C19D6C70039C258 /* AppDelegate.m in Sources */ = {isa = PBXBuildFile; fileRef = 76FE162D1C19D6C70039C258 /* AppDelegate.m */; };
		76FE16311C19D6C70039C258 /* ViewController.m in Sources */ = {isa = PBXBuildFile; fileRef = 76FE16301C19D6C70039C258 /* ViewController.m */; };
		76FE16341C19D6C70039C258 /* Main.storyboard in Resources */ = {isa = PBXBuildFile; fileRef = 76FE16321C19D6C70039C258 /* Main.storyboard */; };
		76FE16361C19D6C70039C258 /* Assets.xcassets in Resources */ = {isa = PBXBuildFile; fileRef = 76FE16351C19D6C70039C258 /* Assets.xcassets */; };
		76FE16391C19D6C70039C258 /* LaunchScreen.storyboard in Resources */ = {isa = PBXBuildFile; fileRef = 76FE16371C19D6C70039C258 /* LaunchScreen.storyboard */; };
		840ECF8A1C89D86D00BE286C /* NSArray+Category.m in Sources */ = {isa = PBXBuildFile; fileRef = 840ECF891C89D86D00BE286C /* NSArray+Category.m */; };
/* End PBXBuildFile section */

/* Begin PBXFileReference section */
		76FE16261C19D6C70039C258 /* OC-Runtime.app */ = {isa = PBXFileReference; explicitFileType = wrapper.application; includeInIndex = 0; path = "OC-Runtime.app"; sourceTree = BUILT_PRODUCTS_DIR; };
		76FE162A1C19D6C70039C258 /* main.m */ = {isa = PBXFileReference; lastKnownFileType = sourcecode.c.objc; path = main.m; sourceTree = "<group>"; };
		76FE162C1C19D6C70039C258 /* AppDelegate.h */ = {isa = PBXFileReference; lastKnownFileType = sourcecode.c.h; path = AppDelegate.h; sourceTree = "<group>"; };
		76FE162D1C19D6C70039C258 /* AppDelegate.m */ = {isa = PBXFileReference; lastKnownFileType = sourcecode.c.objc; path = AppDelegate.m; sourceTree = "<group>"; };
		76FE162F1C19D6C70039C258 /* ViewController.h */ = {isa = PBXFileReference; lastKnownFileType = sourcecode.c.h; path = ViewController.h; sourceTree = "<group>"; };
		76FE16301C19D6C70039C258 /* ViewController.m */ = {isa = PBXFileReference; lastKnownFileType = sourcecode.c.objc; path = ViewController.m; sourceTree = "<group>"; };
		76FE16331C19D6C70039C258 /* Base */ = {isa = PBXFileReference; lastKnownFileType = file.storyboard; name = Base; path = Base.lproj/Main.storyboard; sourceTree = "<group>"; };
		76FE16351C19D6C70039C258 /* Assets.xcassets */ = {isa = PBXFileReference; lastKnownFileType = folder.assetcatalog; path = Assets.xcassets; sourceTree = "<group>"; };
		76FE16381C19D6C70039C258 /* Base */ = {isa = PBXFileReference; lastKnownFileType = file.storyboard; name = Base; path = Base.lproj/LaunchScreen.storyboard; sourceTree = "<group>"; };
		76FE163A1C19D6C70039C258 /* Info.plist */ = {isa = PBXFileReference; lastKnownFileType = text.plist.xml; path = Info.plist; sourceTree = "<group>"; };
		840ECF881C89D86D00BE286C /* NSArray+Category.h */ = {isa = PBXFileReference; fileEncoding = 4; lastKnownFileType = sourcecode.c.h; path = "NSArray+Category.h"; sourceTree = "<group>"; };
		840ECF891C89D86D00BE286C /* NSArray+Category.m */ = {isa = PBXFileReference; fileEncoding = 4; lastKnownFileType = sourcecode.c.objc; path = "NSArray+Category.m"; sourceTree = "<group>"; };
/* End PBXFileReference section */

/* Begin PBXFrameworksBuildPhase section */
		76FE16231C19D6C70039C258 /* Frameworks */ = {
			isa = PBXFrameworksBuildPhase;
			buildActionMask = 2147483647;
			files = (
			);
			runOnlyForDeploymentPostprocessing = 0;
		};
/* End PBXFrameworksBuildPhase section */

/* Begin PBXGroup section */
		76FE161D1C19D6C70039C258 = {
			isa = PBXGroup;
			children = (
				76FE16281C19D6C70039C258 /* OC-Runtime */,
				76FE16271C19D6C70039C258 /* Products */,
			);
			sourceTree = "<group>";
		};
		76FE16271C19D6C70039C258 /* Products */ = {
			isa = PBXGroup;
			children = (
				76FE16261C19D6C70039C258 /* OC-Runtime.app */,
			);
			name = Products;
			sourceTree = "<group>";
		};
		76FE16281C19D6C70039C258 /* OC-Runtime */ = {
			isa = PBXGroup;
			children = (
				76FE162C1C19D6C70039C258 /* AppDelegate.h */,
				76FE162D1C19D6C70039C258 /* AppDelegate.m */,
				76FE162F1C19D6C70039C258 /* ViewController.h */,
				76FE16301C19D6C70039C258 /* ViewController.m */,
				840ECF881C89D86D00BE286C /* NSArray+Category.h */,
				840ECF891C89D86D00BE286C /* NSArray+Category.m */,
				76FE16321C19D6C70039C258 /* Main.storyboard */,
				76FE16351C19D6C70039C258 /* Assets.xcassets */,
				76FE16371C19D6C70039C258 /* LaunchScreen.storyboard */,
				76FE163A1C19D6C70039C258 /* Info.plist */,
				76FE16291C19D6C70039C258 /* Supporting Files */,
			);
			path = "OC-Runtime";
			sourceTree = "<group>";
		};
		76FE16291C19D6C70039C258 /* Supporting Files */ = {
			isa = PBXGroup;
			children = (
				76FE162A1C19D6C70039C258 /* main.m */,
			);
			name = "Supporting Files";
			sourceTree = "<group>";
		};
/* End PBXGroup section */

/* Begin PBXNativeTarget section */
		76FE16251C19D6C70039C258 /* OC-Runtime */ = {
			isa = PBXNativeTarget;
			buildConfigurationList = 76FE163D1C19D6C70039C258 /* Build configuration list for PBXNativeTarget "OC-Runtime" */;
			buildPhases = (
				76FE16221C19D6C70039C258 /* Sources */,
				76FE16231C19D6C70039C258 /* Frameworks */,
				76FE16241C19D6C70039C258 /* Resources */,
			);
			buildRules = (
			);
			dependencies = (
			);
			name = "OC-Runtime";
			productName = "OC-Runtime";
			productReference = 76FE16261C19D6C70039C258 /* OC-Runtime.app */;
			productType = "com.apple.product-type.application";
		};
/* End PBXNativeTarget section */

/* Begin PBXProject section */
		76FE161E1C19D6C70039C258 /* Project object */ = {
			isa = PBXProject;
			attributes = {
				LastUpgradeCheck = 0700;
				ORGANIZATIONNAME = ShengQiang;
				TargetAttributes = {
					76FE16251C19D6C70039C258 = {
						CreatedOnToolsVersion = 7.0;
						DevelopmentTeam = 43Y5NG38BR;
					};
				};
			};
			buildConfigurationList = 76FE16211C19D6C70039C258 /* Build configuration list for PBXProject "OC-Runtime" */;
			compatibilityVersion = "Xcode 3.2";
			developmentRegion = English;
			hasScannedForEncodings = 0;
			knownRegions = (
				en,
				Base,
			);
			mainGroup = 76FE161D1C19D6C70039C258;
			productRefGroup = 76FE16271C19D6C70039C258 /* Products */;
			projectDirPath = "";
			projectRoot = "";
			targets = (
				76FE16251C19D6C70039C258 /* OC-Runtime */,
			);
		};
/* End PBXProject section */

/* Begin PBXResourcesBuildPhase section */
		76FE16241C19D6C70039C258 /* Resources */ = {
			isa = PBXResourcesBuildPhase;
			buildActionMask = 2147483647;
			files = (
				76FE16391C19D6C70039C258 /* LaunchScreen.storyboard in Resources */,
				76FE16361C19D6C70039C258 /* Assets.xcassets in Resources */,
				76FE16341C19D6C70039C258 /* Main.storyboard in Resources */,
			);
			runOnlyForDeploymentPostprocessing = 0;
		};
/* End PBXResourcesBuildPhase section */

/* Begin PBXSourcesBuildPhase section */
		76FE16221C19D6C70039C258 /* Sources */ = {
			isa = PBXSourcesBuildPhase;
			buildActionMask = 2147483647;
			files = (
				76FE16311C19D6C70039C258 /* ViewController.m in Sources */,
				76FE162E1C19D6C70039C258 /* AppDelegate.m in Sources */,
				840ECF8A1C89D86D00BE286C /* NSArray+Category.m in Sources */,
				76FE162B1C19D6C70039C258 /* main.m in Sources */,
			);
			runOnlyForDeploymentPostprocessing = 0;
		};
/* End PBXSourcesBuildPhase section */

/* Begin PBXVariantGroup section */
		76FE16321C19D6C70039C258 /* Main.storyboard */ = {
			isa = PBXVariantGroup;
			children = (
				76FE16331C19D6C70039C258 /* Base */,
			);
			name = Main.storyboard;
			sourceTree = "<group>";
		};
		76FE16371C19D6C70039C258 /* LaunchScreen.storyboard */ = {
			isa = PBXVariantGroup;
			children = (
				76FE16381C19D6C70039C258 /* Base */,
			);
			name = LaunchScreen.storyboard;
			sourceTree = "<group>";
		};
/* End PBXVariantGroup section */

/* Begin XCBuildConfiguration section */
		76FE163B1C19D6C70039C258 /* Debug */ = {
			isa = XCBuildConfiguration;
			buildSettings = {
				ALWAYS_SEARCH_USER_PATHS = NO;
				CLANG_CXX_LANGUAGE_STANDARD = "gnu++0x";
				CLANG_CXX_LIBRARY = "libc++";
				CLANG_ENABLE_MODULES = YES;
				CLANG_ENABLE_OBJC_ARC = YES;
				CLANG_WARN_BOOL_CONVERSION = YES;
				CLANG_WARN_CONSTANT_CONVERSION = YES;
				CLANG_WARN_DIRECT_OBJC_ISA_USAGE = YES_ERROR;
				CLANG_WARN_EMPTY_BODY = YES;
				CLANG_WARN_ENUM_CONVERSION = YES;
				CLANG_WARN_INT_CONVERSION = YES;
				CLANG_WARN_OBJC_ROOT_CLASS = YES_ERROR;
				CLANG_WARN_UNREACHABLE_CODE = YES;
				CLANG_WARN__DUPLICATE_METHOD_MATCH = YES;
				"CODE_SIGN_IDENTITY[sdk=iphoneos*]" = "iPhone Developer";
				COPY_PHASE_STRIP = NO;
				DEBUG_INFORMATION_FORMAT = dwarf;
				ENABLE_STRICT_OBJC_MSGSEND = YES;
				ENABLE_TESTABILITY = YES;
				GCC_C_LANGUAGE_STANDARD = gnu99;
				GCC_DYNAMIC_NO_PIC = NO;
				GCC_NO_COMMON_BLOCKS = YES;
				GCC_OPTIMIZATION_LEVEL = 0;
				GCC_PREPROCESSOR_DEFINITIONS = (
					"DEBUG=1",
					"$(inherited)",
				);
				GCC_WARN_64_TO_32_BIT_CONVERSION = YES;
				GCC_WARN_ABOUT_RETURN_TYPE = YES_ERROR;
				GCC_WARN_UNDECLARED_SELECTOR = YES;
				GCC_WARN_UNINITIALIZED_AUTOS = YES_AGGRESSIVE;
				GCC_WARN_UNUSED_FUNCTION = YES;
				GCC_WARN_UNUSED_VARIABLE = YES;
				IPHONEOS_DEPLOYMENT_TARGET = 9.0;
				MTL_ENABLE_DEBUG_INFO = YES;
				ONLY_ACTIVE_ARCH = YES;
				SDKROOT = iphoneos;
			};
			name = Debug;
		};
		76FE163C1C19D6C70039C258 /* Release */ = {
			isa = XCBuildConfiguration;
			buildSettings = {
				ALWAYS_SEARCH_USER_PATHS = NO;
				CLANG_CXX_LANGUAGE_STANDARD = "gnu++0x";
				CLANG_CXX_LIBRARY = "libc++";
				CLANG_ENABLE_MODULES = YES;
				CLANG_ENABLE_OBJC_ARC = YES;
				CLANG_WARN_BOOL_CONVERSION = YES;
				CLANG_WARN_CONSTANT_CONVERSION = YES;
				CLANG_WARN_DIRECT_OBJC_ISA_USAGE = YES_ERROR;
				CLANG_WARN_EMPTY_BODY = YES;
				CLANG_WARN_ENUM_CONVERSION = YES;
				CLANG_WARN_INT_CONVERSION = YES;
				CLANG_WARN_OBJC_ROOT_CLASS = YES_ERROR;
				CLANG_WARN_UNREACHABLE_CODE = YES;
				CLANG_WARN__DUPLICATE_METHOD_MATCH = YES;
				"CODE_SIGN_IDENTITY[sdk=iphoneos*]" = "iPhone Developer";
				COPY_PHASE_STRIP = NO;
				DEBUG_INFORMATION_FORMAT = "dwarf-with-dsym";
				ENABLE_NS_ASSERTIONS = NO;
				ENABLE_STRICT_OBJC_MSGSEND = YES;
				GCC_C_LANGUAGE_STANDARD = gnu99;
				GCC_NO_COMMON_BLOCKS = YES;
				GCC_WARN_64_TO_32_BIT_CONVERSION = YES;
				GCC_WARN_ABOUT_RETURN_TYPE = YES_ERROR;
				GCC_WARN_UNDECLARED_SELECTOR = YES;
				GCC_WARN_UNINITIALIZED_AUTOS = YES_AGGRESSIVE;
				GCC_WARN_UNUSED_FUNCTION = YES;
				GCC_WARN_UNUSED_VARIABLE = YES;
				IPHONEOS_DEPLOYMENT_TARGET = 9.0;
				MTL_ENABLE_DEBUG_INFO = NO;
				SDKROOT = iphoneos;
				VALIDATE_PRODUCT = YES;
			};
			name = Release;
		};
		76FE163E1C19D6C70039C258 /* Debug */ = {
			isa = XCBuildConfiguration;
			buildSettings = {
				ASSETCATALOG_COMPILER_APPICON_NAME = AppIcon;
				INFOPLIST_FILE = "OC-Runtime/Info.plist";
				LD_RUNPATH_SEARCH_PATHS = "$(inherited) @executable_path/Frameworks";
				PRODUCT_BUNDLE_IDENTIFIER = "www.shengqiang.com.OC-Runtime";
				PRODUCT_NAME = "$(TARGET_NAME)";
			};
			name = Debug;
		};
		76FE163F1C19D6C70039C258 /* Release */ = {
			isa = XCBuildConfiguration;
			buildSettings = {
				ASSETCATALOG_COMPILER_APPICON_NAME = AppIcon;
				INFOPLIST_FILE = "OC-Runtime/Info.plist";
				LD_RUNPATH_SEARCH_PATHS = "$(inherited) @executable_path/Frameworks";
				PRODUCT_BUNDLE_IDENTIFIER = "www.shengqiang.com.OC-Runtime";
				PRODUCT_NAME = "$(TARGET_NAME)";
			};
			name = Release;
		};
/* End XCBuildConfiguration section */

/* Begin XCConfigurationList section */
		76FE16211C19D6C70039C258 /* Build configuration list for PBXProject "OC-Runtime" */ = {
			isa = XCConfigurationList;
			buildConfigurations = (
				76FE163B1C19D6C70039C258 /* Debug */,
				76FE163C1C19D6C70039C258 /* Release */,
			);
			defaultConfigurationIsVisible = 0;
			defaultConfigurationName = Release;
		};
		76FE163D1C19D6C70039C258 /* Build configuration list for PBXNativeTarget "OC-Runtime" */ = {
			isa = XCConfigurationList;
			buildConfigurations = (
				76FE163E1C19D6C70039C258 /* Debug */,
				76FE163F1C19D6C70039C258 /* Release */,
			);
			defaultConfigurationIsVisible = 0;
			defaultConfigurationName = Release;
		};
/* End XCConfigurationList section */
	};
	rootObject = 76FE161E1C19D6C70039C258 /* Project object */;
}
