// !$*UTF8*$!
{
	archiveVersion = 1;
	classes = {
	};
	objectVersion = 46;
	objects = {

/* Begin PBXBuildFile section */
		8406946F1C8C2C6A00391B9F /* main.m in Sources */ = {isa = PBXBuildFile; fileRef = 8406946E1C8C2C6A00391B9F /* main.m */; };
		840694791C8C2C8E00391B9F /* Father.m in Sources */ = {isa = PBXBuildFile; fileRef = 840694761C8C2C8E00391B9F /* Father.m */; };
		8406947A1C8C2C8E00391B9F /* Son.m in Sources */ = {isa = PBXBuildFile; fileRef = 840694781C8C2C8E00391B9F /* Son.m */; };
		844BC2811C9125D900EB0D1F /* HelloWorldClass.m in Sources */ = {isa = PBXBuildFile; fileRef = 844BC2801C9125D900EB0D1F /* HelloWorldClass.m */; };
		844BC2871C91358900EB0D1F /* HelloClass.m in Sources */ = {isa = PBXBuildFile; fileRef = 844BC2861C91358900EB0D1F /* HelloClass.m */; };
/* End PBXBuildFile section */

/* Begin PBXCopyFilesBuildPhase section */
		840694691C8C2C6A00391B9F /* CopyFiles */ = {
			isa = PBXCopyFilesBuildPhase;
			buildActionMask = 2147483647;
			dstPath = /usr/share/man/man1/;
			dstSubfolderSpec = 0;
			files = (
			);
			runOnlyForDeploymentPostprocessing = 1;
		};
/* End PBXCopyFilesBuildPhase section */

/* Begin PBXFileReference section */
		8406946B1C8C2C6A00391B9F /* OC-Self&Super */ = {isa = PBXFileReference; explicitFileType = "compiled.mach-o.executable"; includeInIndex = 0; path = "OC-Self&Super"; sourceTree = BUILT_PRODUCTS_DIR; };
		8406946E1C8C2C6A00391B9F /* main.m */ = {isa = PBXFileReference; lastKnownFileType = sourcecode.c.objc; path = main.m; sourceTree = "<group>"; };
		840694751C8C2C8E00391B9F /* Father.h */ = {isa = PBXFileReference; fileEncoding = 4; lastKnownFileType = sourcecode.c.h; path = Father.h; sourceTree = "<group>"; };
		840694761C8C2C8E00391B9F /* Father.m */ = {isa = PBXFileReference; fileEncoding = 4; lastKnownFileType = sourcecode.c.objc; path = Father.m; sourceTree = "<group>"; };
		840694771C8C2C8E00391B9F /* Son.h */ = {isa = PBXFileReference; fileEncoding = 4; lastKnownFileType = sourcecode.c.h; path = Son.h; sourceTree = "<group>"; };
		840694781C8C2C8E00391B9F /* Son.m */ = {isa = PBXFileReference; fileEncoding = 4; lastKnownFileType = sourcecode.c.objc; path = Son.m; sourceTree = "<group>"; };
		844BC27F1C9125D900EB0D1F /* HelloWorldClass.h */ = {isa = PBXFileReference; fileEncoding = 4; lastKnownFileType = sourcecode.c.h; path = HelloWorldClass.h; sourceTree = "<group>"; };
		844BC2801C9125D900EB0D1F /* HelloWorldClass.m */ = {isa = PBXFileReference; fileEncoding = 4; lastKnownFileType = sourcecode.c.objc; path = HelloWorldClass.m; sourceTree = "<group>"; };
		844BC2851C91358900EB0D1F /* HelloClass.h */ = {isa = PBXFileReference; fileEncoding = 4; lastKnownFileType = sourcecode.c.h; path = HelloClass.h; sourceTree = "<group>"; };
		844BC2861C91358900EB0D1F /* HelloClass.m */ = {isa = PBXFileReference; fileEncoding = 4; lastKnownFileType = sourcecode.c.objc; path = HelloClass.m; sourceTree = "<group>"; };
/* End PBXFileReference section */

/* Begin PBXFrameworksBuildPhase section */
		840694681C8C2C6A00391B9F /* Frameworks */ = {
			isa = PBXFrameworksBuildPhase;
			buildActionMask = 2147483647;
			files = (
			);
			runOnlyForDeploymentPostprocessing = 0;
		};
/* End PBXFrameworksBuildPhase section */

/* Begin PBXGroup section */
		840694621C8C2C6A00391B9F = {
			isa = PBXGroup;
			children = (
				8406946D1C8C2C6A00391B9F /* OC-Self&Super */,
				8406946C1C8C2C6A00391B9F /* Products */,
			);
			sourceTree = "<group>";
		};
		8406946C1C8C2C6A00391B9F /* Products */ = {
			isa = PBXGroup;
			children = (
				8406946B1C8C2C6A00391B9F /* OC-Self&Super */,
			);
			name = Products;
			sourceTree = "<group>";
		};
		8406946D1C8C2C6A00391B9F /* OC-Self&Super */ = {
			isa = PBXGroup;
			children = (
				840694751C8C2C8E00391B9F /* Father.h */,
				840694761C8C2C8E00391B9F /* Father.m */,
				840694771C8C2C8E00391B9F /* Son.h */,
				840694781C8C2C8E00391B9F /* Son.m */,
				8406946E1C8C2C6A00391B9F /* main.m */,
				844BC2851C91358900EB0D1F /* HelloClass.h */,
				844BC2861C91358900EB0D1F /* HelloClass.m */,
				844BC27F1C9125D900EB0D1F /* HelloWorldClass.h */,
				844BC2801C9125D900EB0D1F /* HelloWorldClass.m */,
			);
			path = "OC-Self&Super";
			sourceTree = "<group>";
		};
/* End PBXGroup section */

/* Begin PBXNativeTarget section */
		8406946A1C8C2C6A00391B9F /* OC-Self&Super */ = {
			isa = PBXNativeTarget;
			buildConfigurationList = 840694721C8C2C6A00391B9F /* Build configuration list for PBXNativeTarget "OC-Self&Super" */;
			buildPhases = (
				840694671C8C2C6A00391B9F /* Sources */,
				840694681C8C2C6A00391B9F /* Frameworks */,
				840694691C8C2C6A00391B9F /* CopyFiles */,
			);
			buildRules = (
			);
			dependencies = (
			);
			name = "OC-Self&Super";
			productName = "OC-Self&Super";
			productReference = 8406946B1C8C2C6A00391B9F /* OC-Self&Super */;
			productType = "com.apple.product-type.tool";
		};
/* End PBXNativeTarget section */

/* Begin PBXProject section */
		840694631C8C2C6A00391B9F /* Project object */ = {
			isa = PBXProject;
			attributes = {
				LastUpgradeCheck = 0710;
				ORGANIZATIONNAME = ShengQiangLiu;
				TargetAttributes = {
					8406946A1C8C2C6A00391B9F = {
						CreatedOnToolsVersion = 7.1;
					};
				};
			};
			buildConfigurationList = 840694661C8C2C6A00391B9F /* Build configuration list for PBXProject "OC-Self&Super" */;
			compatibilityVersion = "Xcode 3.2";
			developmentRegion = English;
			hasScannedForEncodings = 0;
			knownRegions = (
				en,
			);
			mainGroup = 840694621C8C2C6A00391B9F;
			productRefGroup = 8406946C1C8C2C6A00391B9F /* Products */;
			projectDirPath = "";
			projectRoot = "";
			targets = (
				8406946A1C8C2C6A00391B9F /* OC-Self&Super */,
			);
		};
/* End PBXProject section */

/* Begin PBXSourcesBuildPhase section */
		840694671C8C2C6A00391B9F /* Sources */ = {
			isa = PBXSourcesBuildPhase;
			buildActionMask = 2147483647;
			files = (
				8406947A1C8C2C8E00391B9F /* Son.m in Sources */,
				8406946F1C8C2C6A00391B9F /* main.m in Sources */,
				844BC2871C91358900EB0D1F /* HelloClass.m in Sources */,
				844BC2811C9125D900EB0D1F /* HelloWorldClass.m in Sources */,
				840694791C8C2C8E00391B9F /* Father.m in Sources */,
			);
			runOnlyForDeploymentPostprocessing = 0;
		};
/* End PBXSourcesBuildPhase section */

/* Begin XCBuildConfiguration section */
		840694701C8C2C6A00391B9F /* Debug */ = {
			isa = XCBuildConfiguration;
			buildSettings = {
				ALWAYS_SEARCH_USER_PATHS = NO;
				CLANG_CXX_LANGUAGE_STANDARD = "gnu++0x";
				CLANG_CXX_LIBRARY = "libc++";
				CLANG_ENABLE_MODULES = YES;
				CLANG_ENABLE_OBJC_ARC = YES;
				CLANG_WARN_BOOL_CONVERSION = YES;
				CLANG_WARN_CONSTANT_CONVERSION = YES;
				CLANG_WARN_DIRECT_OBJC_ISA_USAGE = YES_ERROR;
				CLANG_WARN_EMPTY_BODY = YES;
				CLANG_WARN_ENUM_CONVERSION = YES;
				CLANG_WARN_INT_CONVERSION = YES;
				CLANG_WARN_OBJC_ROOT_CLASS = YES_ERROR;
				CLANG_WARN_UNREACHABLE_CODE = YES;
				CLANG_WARN__DUPLICATE_METHOD_MATCH = YES;
				CODE_SIGN_IDENTITY = "-";
				COPY_PHASE_STRIP = NO;
				DEBUG_INFORMATION_FORMAT = dwarf;
				ENABLE_STRICT_OBJC_MSGSEND = YES;
				ENABLE_TESTABILITY = YES;
				GCC_C_LANGUAGE_STANDARD = gnu99;
				GCC_DYNAMIC_NO_PIC = NO;
				GCC_NO_COMMON_BLOCKS = YES;
				GCC_OPTIMIZATION_LEVEL = 0;
				GCC_PREPROCESSOR_DEFINITIONS = (
					"DEBUG=1",
					"$(inherited)",
				);
				GCC_WARN_64_TO_32_BIT_CONVERSION = YES;
				GCC_WARN_ABOUT_RETURN_TYPE = YES_ERROR;
				GCC_WARN_UNDECLARED_SELECTOR = YES;
				GCC_WARN_UNINITIALIZED_AUTOS = YES_AGGRESSIVE;
				GCC_WARN_UNUSED_FUNCTION = YES;
				GCC_WARN_UNUSED_VARIABLE = YES;
				MACOSX_DEPLOYMENT_TARGET = 10.11;
				MTL_ENABLE_DEBUG_INFO = YES;
				ONLY_ACTIVE_ARCH = YES;
				SDKROOT = macosx;
			};
			name = Debug;
		};
		840694711C8C2C6A00391B9F /* Release */ = {
			isa = XCBuildConfiguration;
			buildSettings = {
				ALWAYS_SEARCH_USER_PATHS = NO;
				CLANG_CXX_LANGUAGE_STANDARD = "gnu++0x";
				CLANG_CXX_LIBRARY = "libc++";
				CLANG_ENABLE_MODULES = YES;
				CLANG_ENABLE_OBJC_ARC = YES;
				CLANG_WARN_BOOL_CONVERSION = YES;
				CLANG_WARN_CONSTANT_CONVERSION = YES;
				CLANG_WARN_DIRECT_OBJC_ISA_USAGE = YES_ERROR;
				CLANG_WARN_EMPTY_BODY = YES;
				CLANG_WARN_ENUM_CONVERSION = YES;
				CLANG_WARN_INT_CONVERSION = YES;
				CLANG_WARN_OBJC_ROOT_CLASS = YES_ERROR;
				CLANG_WARN_UNREACHABLE_CODE = YES;
				CLANG_WARN__DUPLICATE_METHOD_MATCH = YES;
				CODE_SIGN_IDENTITY = "-";
				COPY_PHASE_STRIP = NO;
				DEBUG_INFORMATION_FORMAT = "dwarf-with-dsym";
				ENABLE_NS_ASSERTIONS = NO;
				ENABLE_STRICT_OBJC_MSGSEND = YES;
				GCC_C_LANGUAGE_STANDARD = gnu99;
				GCC_NO_COMMON_BLOCKS = YES;
				GCC_WARN_64_TO_32_BIT_CONVERSION = YES;
				GCC_WARN_ABOUT_RETURN_TYPE = YES_ERROR;
				GCC_WARN_UNDECLARED_SELECTOR = YES;
				GCC_WARN_UNINITIALIZED_AUTOS = YES_AGGRESSIVE;
				GCC_WARN_UNUSED_FUNCTION = YES;
				GCC_WARN_UNUSED_VARIABLE = YES;
				MACOSX_DEPLOYMENT_TARGET = 10.11;
				MTL_ENABLE_DEBUG_INFO = NO;
				SDKROOT = macosx;
			};
			name = Release;
		};
		840694731C8C2C6A00391B9F /* Debug */ = {
			isa = XCBuildConfiguration;
			buildSettings = {
				PRODUCT_NAME = "$(TARGET_NAME)";
			};
			name = Debug;
		};
		840694741C8C2C6A00391B9F /* Release */ = {
			isa = XCBuildConfiguration;
			buildSettings = {
				PRODUCT_NAME = "$(TARGET_NAME)";
			};
			name = Release;
		};
/* End XCBuildConfiguration section */

/* Begin XCConfigurationList section */
		840694661C8C2C6A00391B9F /* Build configuration list for PBXProject "OC-Self&Super" */ = {
			isa = XCConfigurationList;
			buildConfigurations = (
				840694701C8C2C6A00391B9F /* Debug */,
				840694711C8C2C6A00391B9F /* Release */,
			);
			defaultConfigurationIsVisible = 0;
			defaultConfigurationName = Release;
		};
		840694721C8C2C6A00391B9F /* Build configuration list for PBXNativeTarget "OC-Self&Super" */ = {
			isa = XCConfigurationList;
			buildConfigurations = (
				840694731C8C2C6A00391B9F /* Debug */,
				840694741C8C2C6A00391B9F /* Release */,
			);
			defaultConfigurationIsVisible = 0;
			defaultConfigurationName = Release;
		};
/* End XCConfigurationList section */
	};
	rootObject = 840694631C8C2C6A00391B9F /* Project object */;
}
